
Microsoft Visual Studio Solution File, Format Version 12.00
# Visual Studio Version 17
VisualStudioVersion = 17.9.34701.34
MinimumVisualStudioVersion = 10.0.40219.1
Project("{FAE04EC0-301F-11D3-BF4B-00C04F79EFBC}") = "GameZone", "GameZone\GameZone.csproj", "{839002D7-BDEC-4789-91FB-84347C2D3FDB}"
EndProject
Global
	GlobalSection(SolutionConfigurationPlatforms) = preSolution
		Debug|Any CPU = Debug|Any CPU
		Release|Any CPU = Release|Any CPU
	EndGlobalSection
	GlobalSection(ProjectConfigurationPlatforms) = postSolution
		{839002D7-BDEC-4789-91FB-84347C2D3FDB}.Debug|Any CPU.ActiveCfg = Debug|Any CPU
		{839002D7-BDEC-4789-91FB-84347C2D3FDB}.Debug|Any CPU.Build.0 = Debug|Any CPU
		{839002D7-BDEC-4789-91FB-84347C2D3FDB}.Release|Any CPU.ActiveCfg = Release|Any CPU
		{839002D7-BDEC-4789-91FB-84347C2D3FDB}.Release|Any CPU.Build.0 = Release|Any CPU
	EndGlobalSection
	GlobalSection(SolutionProperties) = preSolution
		HideSolutionNode = FALSE
	EndGlobalSection
	GlobalSection(ExtensibilityGlobals) = postSolution
		SolutionGuid = {16343904-0642-4C38-A680-02CBE0E44991}
	EndGlobalSection
EndGlobal
